
Microsoft Visual Studio Solution File, Format Version 12.00
# Visual Studio Version 16
VisualStudioVersion = 16.0.31911.196
MinimumVisualStudioVersion = 10.0.40219.1
Project("{FAE04EC0-301F-11D3-BF4B-00C04F79EFBC}") = "RS2SwaggerAPI", "RS2SwaggerAPI\RS2SwaggerAPI.csproj", "{907D95ED-13EC-4EA2-90C0-5F7075CA5B07}"
EndProject
Project("{FAE04EC0-301F-11D3-BF4B-00C04F79EFBC}") = "RS2SwaggerAPI_Tests", "RS2SwaggerAPI_Tests\RS2SwaggerAPI_Tests.csproj", "{E9DA21B4-3F51-499C-9E28-7C2473D9B761}"
EndProject
Global
	GlobalSection(SolutionConfigurationPlatforms) = preSolution
		Debug|Any CPU = Debug|Any CPU
		Release|Any CPU = Release|Any CPU
	EndGlobalSection
	GlobalSection(ProjectConfigurationPlatforms) = postSolution
		{907D95ED-13EC-4EA2-90C0-5F7075CA5B07}.Debug|Any CPU.ActiveCfg = Debug|Any CPU
		{907D95ED-13EC-4EA2-90C0-5F7075CA5B07}.Debug|Any CPU.Build.0 = Debug|Any CPU
		{907D95ED-13EC-4EA2-90C0-5F7075CA5B07}.Release|Any CPU.ActiveCfg = Release|Any CPU
		{907D95ED-13EC-4EA2-90C0-5F7075CA5B07}.Release|Any CPU.Build.0 = Release|Any CPU
		{E9DA21B4-3F51-499C-9E28-7C2473D9B761}.Debug|Any CPU.ActiveCfg = Debug|Any CPU
		{E9DA21B4-3F51-499C-9E28-7C2473D9B761}.Debug|Any CPU.Build.0 = Debug|Any CPU
		{E9DA21B4-3F51-499C-9E28-7C2473D9B761}.Release|Any CPU.ActiveCfg = Release|Any CPU
		{E9DA21B4-3F51-499C-9E28-7C2473D9B761}.Release|Any CPU.Build.0 = Release|Any CPU
	EndGlobalSection
	GlobalSection(SolutionProperties) = preSolution
		HideSolutionNode = FALSE
	EndGlobalSection
	GlobalSection(ExtensibilityGlobals) = postSolution
		SolutionGuid = {B0CD89E7-866A-402D-85FD-7701E7928311}
	EndGlobalSection
EndGlobal
